
Microsoft Visual Studio Solution File, Format Version 12.00
# Visual Studio 15
Project("{FAE04EC0-301F-11D3-BF4B-00C04F79EFBC}") = "UnityEngine.TestRunner", "UnityEngine.TestRunner.csproj", "{6946CDDB-7F17-9F42-AB69-1AED88C34151}"
EndProject
Project("{FAE04EC0-301F-11D3-BF4B-00C04F79EFBC}") = "UnityEngine.UI", "UnityEngine.UI.csproj", "{C873BB26-1554-2678-D343-312290E6C39A}"
EndProject
Project("{FAE04EC0-301F-11D3-BF4B-00C04F79EFBC}") = "Unity.TextMeshPro", "Unity.TextMeshPro.csproj", "{48D14B21-E505-151A-3B87-F4C4A977BBAD}"
EndProject
Project("{FAE04EC0-301F-11D3-BF4B-00C04F79EFBC}") = "Unity.Timeline", "Unity.Timeline.csproj", "{A6FCEF99-780D-FA03-CD49-3B58519DEAE2}"
EndProject
Project("{FAE04EC0-301F-11D3-BF4B-00C04F79EFBC}") = "Assembly-CSharp", "Assembly-CSharp.csproj", "{26005786-6F87-D14A-9974-E2C6B23063D5}"
EndProject
Project("{FAE04EC0-301F-11D3-BF4B-00C04F79EFBC}") = "Unity.TextMeshPro.Editor", "Unity.TextMeshPro.Editor.csproj", "{398DBB1E-2F9C-7805-0496-7E54039C70FC}"
EndProject
Project("{FAE04EC0-301F-11D3-BF4B-00C04F79EFBC}") = "Unity.Timeline.Editor", "Unity.Timeline.Editor.csproj", "{F84EB7B0-45D2-2F6F-3575-B7098B7075DF}"
EndProject
Project("{FAE04EC0-301F-11D3-BF4B-00C04F79EFBC}") = "Unity.CollabProxy.Editor", "Unity.CollabProxy.Editor.csproj", "{12061EDB-AF1C-88B9-F87D-3D6A4044C72D}"
EndProject
Project("{FAE04EC0-301F-11D3-BF4B-00C04F79EFBC}") = "UnityEditor.TestRunner", "UnityEditor.TestRunner.csproj", "{B8FA5231-80A0-DF9B-B26C-04EB7BBB1B5F}"
EndProject
Project("{FAE04EC0-301F-11D3-BF4B-00C04F79EFBC}") = "UnityEditor.UI", "UnityEditor.UI.csproj", "{7350020C-9293-09DD-9A6E-FEEBF9CB8094}"
EndProject
Project("{FAE04EC0-301F-11D3-BF4B-00C04F79EFBC}") = "Unity.Rider.Editor", "Unity.Rider.Editor.csproj", "{EABC3C77-0982-F5DB-BEE8-17C59AB5C129}"
EndProject
Project("{FAE04EC0-301F-11D3-BF4B-00C04F79EFBC}") = "Unity.VisualStudio.Editor", "Unity.VisualStudio.Editor.csproj", "{DE33B959-CDDB-9492-D679-FAE7DB02A537}"
EndProject
Project("{FAE04EC0-301F-11D3-BF4B-00C04F79EFBC}") = "Unity.VSCode.Editor", "Unity.VSCode.Editor.csproj", "{D4A2E512-14AA-5213-2E34-8C626E3CE5D6}"
EndProject
Project("{FAE04EC0-301F-11D3-BF4B-00C04F79EFBC}") = "Assembly-CSharp-Editor-firstpass", "Assembly-CSharp-Editor-firstpass.csproj", "{7FC9FF37-FA35-D045-29ED-D2C4AE18903D}"
EndProject
Project("{FAE04EC0-301F-11D3-BF4B-00C04F79EFBC}") = "UnityEngine.TestRunner", "UnityEngine.TestRunner.Player.csproj", "{9BF85AA4-B171-148E-5560-CB3E108D5A16}"
EndProject
Project("{FAE04EC0-301F-11D3-BF4B-00C04F79EFBC}") = "UnityEngine.UI", "UnityEngine.UI.Player.csproj", "{F08C2BFE-CA2D-A8BD-CF26-CA23A1A43DF8}"
EndProject
Project("{FAE04EC0-301F-11D3-BF4B-00C04F79EFBC}") = "Unity.TextMeshPro", "Unity.TextMeshPro.Player.csproj", "{D25759B1-7696-0C5A-7156-3A432D66078A}"
EndProject
Project("{FAE04EC0-301F-11D3-BF4B-00C04F79EFBC}") = "Unity.Timeline", "Unity.Timeline.Player.csproj", "{3F88165D-9AF8-4F51-B30A-8685D295F122}"
EndProject
Project("{FAE04EC0-301F-11D3-BF4B-00C04F79EFBC}") = "Assembly-CSharp", "Assembly-CSharp.Player.csproj", "{F8CE7632-24F8-51C0-A1F8-A7E32AC8C664}"
EndProject
Global
	GlobalSection(SolutionConfigurationPlatforms) = preSolution
		Debug|Any CPU = Debug|Any CPU
		Release|Any CPU = Release|Any CPU
	EndGlobalSection
	GlobalSection(ProjectConfigurationPlatforms) = postSolution
		{6946CDDB-7F17-9F42-AB69-1AED88C34151}.Debug|Any CPU.ActiveCfg = Debug|Any CPU
		{6946CDDB-7F17-9F42-AB69-1AED88C34151}.Debug|Any CPU.Build.0 = Debug|Any CPU
		{6946CDDB-7F17-9F42-AB69-1AED88C34151}.Release|Any CPU.ActiveCfg = Release|Any CPU
		{6946CDDB-7F17-9F42-AB69-1AED88C34151}.Release|Any CPU.Build.0 = Release|Any CPU
		{C873BB26-1554-2678-D343-312290E6C39A}.Debug|Any CPU.ActiveCfg = Debug|Any CPU
		{C873BB26-1554-2678-D343-312290E6C39A}.Debug|Any CPU.Build.0 = Debug|Any CPU
		{C873BB26-1554-2678-D343-312290E6C39A}.Release|Any CPU.ActiveCfg = Release|Any CPU
		{C873BB26-1554-2678-D343-312290E6C39A}.Release|Any CPU.Build.0 = Release|Any CPU
		{48D14B21-E505-151A-3B87-F4C4A977BBAD}.Debug|Any CPU.ActiveCfg = Debug|Any CPU
		{48D14B21-E505-151A-3B87-F4C4A977BBAD}.Debug|Any CPU.Build.0 = Debug|Any CPU
		{48D14B21-E505-151A-3B87-F4C4A977BBAD}.Release|Any CPU.ActiveCfg = Release|Any CPU
		{48D14B21-E505-151A-3B87-F4C4A977BBAD}.Release|Any CPU.Build.0 = Release|Any CPU
		{A6FCEF99-780D-FA03-CD49-3B58519DEAE2}.Debug|Any CPU.ActiveCfg = Debug|Any CPU
		{A6FCEF99-780D-FA03-CD49-3B58519DEAE2}.Debug|Any CPU.Build.0 = Debug|Any CPU
		{A6FCEF99-780D-FA03-CD49-3B58519DEAE2}.Release|Any CPU.ActiveCfg = Release|Any CPU
		{A6FCEF99-780D-FA03-CD49-3B58519DEAE2}.Release|Any CPU.Build.0 = Release|Any CPU
		{26005786-6F87-D14A-9974-E2C6B23063D5}.Debug|Any CPU.ActiveCfg = Debug|Any CPU
		{26005786-6F87-D14A-9974-E2C6B23063D5}.Debug|Any CPU.Build.0 = Debug|Any CPU
		{26005786-6F87-D14A-9974-E2C6B23063D5}.Release|Any CPU.ActiveCfg = Release|Any CPU
		{26005786-6F87-D14A-9974-E2C6B23063D5}.Release|Any CPU.Build.0 = Release|Any CPU
		{398DBB1E-2F9C-7805-0496-7E54039C70FC}.Debug|Any CPU.ActiveCfg = Debug|Any CPU
		{398DBB1E-2F9C-7805-0496-7E54039C70FC}.Debug|Any CPU.Build.0 = Debug|Any CPU
		{398DBB1E-2F9C-7805-0496-7E54039C70FC}.Release|Any CPU.ActiveCfg = Release|Any CPU
		{398DBB1E-2F9C-7805-0496-7E54039C70FC}.Release|Any CPU.Build.0 = Release|Any CPU
		{F84EB7B0-45D2-2F6F-3575-B7098B7075DF}.Debug|Any CPU.ActiveCfg = Debug|Any CPU
		{F84EB7B0-45D2-2F6F-3575-B7098B7075DF}.Debug|Any CPU.Build.0 = Debug|Any CPU
		{F84EB7B0-45D2-2F6F-3575-B7098B7075DF}.Release|Any CPU.ActiveCfg = Release|Any CPU
		{F84EB7B0-45D2-2F6F-3575-B7098B7075DF}.Release|Any CPU.Build.0 = Release|Any CPU
		{12061EDB-AF1C-88B9-F87D-3D6A4044C72D}.Debug|Any CPU.ActiveCfg = Debug|Any CPU
		{12061EDB-AF1C-88B9-F87D-3D6A4044C72D}.Debug|Any CPU.Build.0 = Debug|Any CPU
		{12061EDB-AF1C-88B9-F87D-3D6A4044C72D}.Release|Any CPU.ActiveCfg = Release|Any CPU
		{12061EDB-AF1C-88B9-F87D-3D6A4044C72D}.Release|Any CPU.Build.0 = Release|Any CPU
		{B8FA5231-80A0-DF9B-B26C-04EB7BBB1B5F}.Debug|Any CPU.ActiveCfg = Debug|Any CPU
		{B8FA5231-80A0-DF9B-B26C-04EB7BBB1B5F}.Debug|Any CPU.Build.0 = Debug|Any CPU
		{B8FA5231-80A0-DF9B-B26C-04EB7BBB1B5F}.Release|Any CPU.ActiveCfg = Release|Any CPU
		{B8FA5231-80A0-DF9B-B26C-04EB7BBB1B5F}.Release|Any CPU.Build.0 = Release|Any CPU
		{7350020C-9293-09DD-9A6E-FEEBF9CB8094}.Debug|Any CPU.ActiveCfg = Debug|Any CPU
		{7350020C-9293-09DD-9A6E-FEEBF9CB8094}.Debug|Any CPU.Build.0 = Debug|Any CPU
		{7350020C-9293-09DD-9A6E-FEEBF9CB8094}.Release|Any CPU.ActiveCfg = Release|Any CPU
		{7350020C-9293-09DD-9A6E-FEEBF9CB8094}.Release|Any CPU.Build.0 = Release|Any CPU
		{EABC3C77-0982-F5DB-BEE8-17C59AB5C129}.Debug|Any CPU.ActiveCfg = Debug|Any CPU
		{EABC3C77-0982-F5DB-BEE8-17C59AB5C129}.Debug|Any CPU.Build.0 = Debug|Any CPU
		{EABC3C77-0982-F5DB-BEE8-17C59AB5C129}.Release|Any CPU.ActiveCfg = Release|Any CPU
		{EABC3C77-0982-F5DB-BEE8-17C59AB5C129}.Release|Any CPU.Build.0 = Release|Any CPU
		{DE33B959-CDDB-9492-D679-FAE7DB02A537}.Debug|Any CPU.ActiveCfg = Debug|Any CPU
		{DE33B959-CDDB-9492-D679-FAE7DB02A537}.Debug|Any CPU.Build.0 = Debug|Any CPU
		{DE33B959-CDDB-9492-D679-FAE7DB02A537}.Release|Any CPU.ActiveCfg = Release|Any CPU
		{DE33B959-CDDB-9492-D679-FAE7DB02A537}.Release|Any CPU.Build.0 = Release|Any CPU
		{D4A2E512-14AA-5213-2E34-8C626E3CE5D6}.Debug|Any CPU.ActiveCfg = Debug|Any CPU
		{D4A2E512-14AA-5213-2E34-8C626E3CE5D6}.Debug|Any CPU.Build.0 = Debug|Any CPU
		{D4A2E512-14AA-5213-2E34-8C626E3CE5D6}.Release|Any CPU.ActiveCfg = Release|Any CPU
		{D4A2E512-14AA-5213-2E34-8C626E3CE5D6}.Release|Any CPU.Build.0 = Release|Any CPU
		{7FC9FF37-FA35-D045-29ED-D2C4AE18903D}.Debug|Any CPU.ActiveCfg = Debug|Any CPU
		{7FC9FF37-FA35-D045-29ED-D2C4AE18903D}.Debug|Any CPU.Build.0 = Debug|Any CPU
		{7FC9FF37-FA35-D045-29ED-D2C4AE18903D}.Release|Any CPU.ActiveCfg = Release|Any CPU
		{7FC9FF37-FA35-D045-29ED-D2C4AE18903D}.Release|Any CPU.Build.0 = Release|Any CPU
		{9BF85AA4-B171-148E-5560-CB3E108D5A16}.Debug|Any CPU.ActiveCfg = Debug|Any CPU
		{9BF85AA4-B171-148E-5560-CB3E108D5A16}.Debug|Any CPU.Build.0 = Debug|Any CPU
		{9BF85AA4-B171-148E-5560-CB3E108D5A16}.Release|Any CPU.ActiveCfg = Release|Any CPU
		{9BF85AA4-B171-148E-5560-CB3E108D5A16}.Release|Any CPU.Build.0 = Release|Any CPU
		{F08C2BFE-CA2D-A8BD-CF26-CA23A1A43DF8}.Debug|Any CPU.ActiveCfg = Debug|Any CPU
		{F08C2BFE-CA2D-A8BD-CF26-CA23A1A43DF8}.Debug|Any CPU.Build.0 = Debug|Any CPU
		{F08C2BFE-CA2D-A8BD-CF26-CA23A1A43DF8}.Release|Any CPU.ActiveCfg = Release|Any CPU
		{F08C2BFE-CA2D-A8BD-CF26-CA23A1A43DF8}.Release|Any CPU.Build.0 = Release|Any CPU
		{D25759B1-7696-0C5A-7156-3A432D66078A}.Debug|Any CPU.ActiveCfg = Debug|Any CPU
		{D25759B1-7696-0C5A-7156-3A432D66078A}.Debug|Any CPU.Build.0 = Debug|Any CPU
		{D25759B1-7696-0C5A-7156-3A432D66078A}.Release|Any CPU.ActiveCfg = Release|Any CPU
		{D25759B1-7696-0C5A-7156-3A432D66078A}.Release|Any CPU.Build.0 = Release|Any CPU
		{3F88165D-9AF8-4F51-B30A-8685D295F122}.Debug|Any CPU.ActiveCfg = Debug|Any CPU
		{3F88165D-9AF8-4F51-B30A-8685D295F122}.Debug|Any CPU.Build.0 = Debug|Any CPU
		{3F88165D-9AF8-4F51-B30A-8685D295F122}.Release|Any CPU.ActiveCfg = Release|Any CPU
		{3F88165D-9AF8-4F51-B30A-8685D295F122}.Release|Any CPU.Build.0 = Release|Any CPU
		{F8CE7632-24F8-51C0-A1F8-A7E32AC8C664}.Debug|Any CPU.ActiveCfg = Debug|Any CPU
		{F8CE7632-24F8-51C0-A1F8-A7E32AC8C664}.Debug|Any CPU.Build.0 = Debug|Any CPU
		{F8CE7632-24F8-51C0-A1F8-A7E32AC8C664}.Release|Any CPU.ActiveCfg = Release|Any CPU
		{F8CE7632-24F8-51C0-A1F8-A7E32AC8C664}.Release|Any CPU.Build.0 = Release|Any CPU
	EndGlobalSection
	GlobalSection(SolutionProperties) = preSolution
		HideSolutionNode = FALSE
	EndGlobalSection
EndGlobal
